
Microsoft Visual Studio Solution File, Format Version 12.00
# Visual Studio Version 16
VisualStudioVersion = 16.0.30413.136
MinimumVisualStudioVersion = 10.0.40219.1
Project("{FAE04EC0-301F-11D3-BF4B-00C04F79EFBC}") = "Work Scheduling", "Work Scheduling\Work Scheduling.csproj", "{1F8158F1-346C-47A2-AD6B-E7F7C4B940CF}"
EndProject
Global
	GlobalSection(SolutionConfigurationPlatforms) = preSolution
		Debug|Any CPU = Debug|Any CPU
		Release|Any CPU = Release|Any CPU
	EndGlobalSection
	GlobalSection(ProjectConfigurationPlatforms) = postSolution
		{1F8158F1-346C-47A2-AD6B-E7F7C4B940CF}.Debug|Any CPU.ActiveCfg = Debug|Any CPU
		{1F8158F1-346C-47A2-AD6B-E7F7C4B940CF}.Debug|Any CPU.Build.0 = Debug|Any CPU
		{1F8158F1-346C-47A2-AD6B-E7F7C4B940CF}.Release|Any CPU.ActiveCfg = Release|Any CPU
		{1F8158F1-346C-47A2-AD6B-E7F7C4B940CF}.Release|Any CPU.Build.0 = Release|Any CPU
	EndGlobalSection
	GlobalSection(SolutionProperties) = preSolution
		HideSolutionNode = FALSE
	EndGlobalSection
	GlobalSection(ExtensibilityGlobals) = postSolution
		SolutionGuid = {29D08D37-C356-4E75-973A-0C80353FD28C}
	EndGlobalSection
EndGlobal
